{
  "name": "google-page",
  "lockfileVersion": 3,
  "requires": true,
  "packages": {
    "": {
      "dependencies": {
        "htact": "^1.0.1",
        "jquery": "^3.7.1"
      }
    },
    "node_modules/htact": {
      "version": "1.0.1",
      "resolved": "https://registry.npmjs.org/htact/-/htact-1.0.1.tgz",
      "integrity": "sha512-HluTu2MEVAJtkA6xRASjEXgjns0nXCRJzQQhdf6EkhgoHLQXlvoMxcULZo7XxJcMFS8JrGOsD/WaeGfqK5tYdg=="
    },
    "node_modules/jquery": {
      "version": "3.7.1",
      "resolved": "https://registry.npmjs.org/jquery/-/jquery-3.7.1.tgz",
      "integrity": "sha512-m4avr8yL8kmFN8psrbFFFmB/If14iN5o9nw/NgnnM+kybDJpRsAynV2BsfpTYrTRysYUdADVD7CkUUizgkpLfg=="
    }
  }
}
